
Microsoft Visual Studio Solution File, Format Version 12.00
# Visual Studio Version 17
VisualStudioVersion = 17.1.32328.378
MinimumVisualStudioVersion = 10.0.40219.1
Project("{9A19103F-16F7-4668-BE54-9A1E7A4F7556}") = "Blog", "Blog.csproj", "{C308E3FA-6958-48F1-88A2-056C2A94FBBC}"
EndProject
Global
	GlobalSection(SolutionConfigurationPlatforms) = preSolution
		Debug|Any CPU = Debug|Any CPU
		Release|Any CPU = Release|Any CPU
	EndGlobalSection
	GlobalSection(ProjectConfigurationPlatforms) = postSolution
		{C308E3FA-6958-48F1-88A2-056C2A94FBBC}.Debug|Any CPU.ActiveCfg = Debug|Any CPU
		{C308E3FA-6958-48F1-88A2-056C2A94FBBC}.Debug|Any CPU.Build.0 = Debug|Any CPU
		{C308E3FA-6958-48F1-88A2-056C2A94FBBC}.Release|Any CPU.ActiveCfg = Release|Any CPU
		{C308E3FA-6958-48F1-88A2-056C2A94FBBC}.Release|Any CPU.Build.0 = Release|Any CPU
	EndGlobalSection
	GlobalSection(SolutionProperties) = preSolution
		HideSolutionNode = FALSE
	EndGlobalSection
	GlobalSection(ExtensibilityGlobals) = postSolution
		SolutionGuid = {026E6BE7-252F-45F7-AD35-6ED4E4E015B1}
	EndGlobalSection
EndGlobal
